// !$*UTF8*$!
{
	archiveVersion = 1;
	classes = {
	};
	objectVersion = 50;
	objects = {

/* Begin PBXBuildFile section */
		E9CD7CEE266937B90004BD49 /* Task1App.swift in Sources */ = {isa = PBXBuildFile; fileRef = E9CD7CED266937B90004BD49 /* Task1App.swift */; };
		E9CD7CF0266937B90004BD49 /* ContentView.swift in Sources */ = {isa = PBXBuildFile; fileRef = E9CD7CEF266937B90004BD49 /* ContentView.swift */; };
		E9CD7CF2266937BC0004BD49 /* Assets.xcassets in Resources */ = {isa = PBXBuildFile; fileRef = E9CD7CF1266937BC0004BD49 /* Assets.xcassets */; };
		E9CD7CF5266937BC0004BD49 /* Preview Assets.xcassets in Resources */ = {isa = PBXBuildFile; fileRef = E9CD7CF4266937BC0004BD49 /* Preview Assets.xcassets */; };
		E9CD7D00266937BD0004BD49 /* Task1Tests.swift in Sources */ = {isa = PBXBuildFile; fileRef = E9CD7CFF266937BD0004BD49 /* Task1Tests.swift */; };
		E9CD7D0B266937BD0004BD49 /* Task1UITests.swift in Sources */ = {isa = PBXBuildFile; fileRef = E9CD7D0A266937BD0004BD49 /* Task1UITests.swift */; };
		E9CD7D19266950200004BD49 /* HomeView.swift in Sources */ = {isa = PBXBuildFile; fileRef = E9CD7D18266950200004BD49 /* HomeView.swift */; };
/* End PBXBuildFile section */

/* Begin PBXContainerItemProxy section */
		E9CD7CFC266937BC0004BD49 /* PBXContainerItemProxy */ = {
			isa = PBXContainerItemProxy;
			containerPortal = E9CD7CE2266937B90004BD49 /* Project object */;
			proxyType = 1;
			remoteGlobalIDString = E9CD7CE9266937B90004BD49;
			remoteInfo = Task1;
		};
		E9CD7D07266937BD0004BD49 /* PBXContainerItemProxy */ = {
			isa = PBXContainerItemProxy;
			containerPortal = E9CD7CE2266937B90004BD49 /* Project object */;
			proxyType = 1;
			remoteGlobalIDString = E9CD7CE9266937B90004BD49;
			remoteInfo = Task1;
		};
/* End PBXContainerItemProxy section */

/* Begin PBXFileReference section */
		E9CD7CEA266937B90004BD49 /* Task1.app */ = {isa = PBXFileReference; explicitFileType = wrapper.application; includeInIndex = 0; path = Task1.app; sourceTree = BUILT_PRODUCTS_DIR; };
		E9CD7CED266937B90004BD49 /* Task1App.swift */ = {isa = PBXFileReference; lastKnownFileType = sourcecode.swift; path = Task1App.swift; sourceTree = "<group>"; };
		E9CD7CEF266937B90004BD49 /* ContentView.swift */ = {isa = PBXFileReference; lastKnownFileType = sourcecode.swift; path = ContentView.swift; sourceTree = "<group>"; };
		E9CD7CF1266937BC0004BD49 /* Assets.xcassets */ = {isa = PBXFileReference; lastKnownFileType = folder.assetcatalog; path = Assets.xcassets; sourceTree = "<group>"; };
		E9CD7CF4266937BC0004BD49 /* Preview Assets.xcassets */ = {isa = PBXFileReference; lastKnownFileType = folder.assetcatalog; path = "Preview Assets.xcassets"; sourceTree = "<group>"; };
		E9CD7CF6266937BC0004BD49 /* Info.plist */ = {isa = PBXFileReference; lastKnownFileType = text.plist.xml; path = Info.plist; sourceTree = "<group>"; };
		E9CD7CFB266937BC0004BD49 /* Task1Tests.xctest */ = {isa = PBXFileReference; explicitFileType = wrapper.cfbundle; includeInIndex = 0; path = Task1Tests.xctest; sourceTree = BUILT_PRODUCTS_DIR; };
		E9CD7CFF266937BD0004BD49 /* Task1Tests.swift */ = {isa = PBXFileReference; lastKnownFileType = sourcecode.swift; path = Task1Tests.swift; sourceTree = "<group>"; };
		E9CD7D01266937BD0004BD49 /* Info.plist */ = {isa = PBXFileReference; lastKnownFileType = text.plist.xml; path = Info.plist; sourceTree = "<group>"; };
		E9CD7D06266937BD0004BD49 /* Task1UITests.xctest */ = {isa = PBXFileReference; explicitFileType = wrapper.cfbundle; includeInIndex = 0; path = Task1UITests.xctest; sourceTree = BUILT_PRODUCTS_DIR; };
		E9CD7D0A266937BD0004BD49 /* Task1UITests.swift */ = {isa = PBXFileReference; lastKnownFileType = sourcecode.swift; path = Task1UITests.swift; sourceTree = "<group>"; };
		E9CD7D0C266937BD0004BD49 /* Info.plist */ = {isa = PBXFileReference; lastKnownFileType = text.plist.xml; path = Info.plist; sourceTree = "<group>"; };
		E9CD7D18266950200004BD49 /* HomeView.swift */ = {isa = PBXFileReference; lastKnownFileType = sourcecode.swift; path = HomeView.swift; sourceTree = "<group>"; };
/* End PBXFileReference section */

/* Begin PBXFrameworksBuildPhase section */
		E9CD7CE7266937B90004BD49 /* Frameworks */ = {
			isa = PBXFrameworksBuildPhase;
			buildActionMask = 2147483647;
			files = (
			);
			runOnlyForDeploymentPostprocessing = 0;
		};
		E9CD7CF8266937BC0004BD49 /* Frameworks */ = {
			isa = PBXFrameworksBuildPhase;
			buildActionMask = 2147483647;
			files = (
			);
			runOnlyForDeploymentPostprocessing = 0;
		};
		E9CD7D03266937BD0004BD49 /* Frameworks */ = {
			isa = PBXFrameworksBuildPhase;
			buildActionMask = 2147483647;
			files = (
			);
			runOnlyForDeploymentPostprocessing = 0;
		};
/* End PBXFrameworksBuildPhase section */

/* Begin PBXGroup section */
		E9CD7CE1266937B90004BD49 = {
			isa = PBXGroup;
			children = (
				E9CD7CEC266937B90004BD49 /* Task1 */,
				E9CD7CFE266937BC0004BD49 /* Task1Tests */,
				E9CD7D09266937BD0004BD49 /* Task1UITests */,
				E9CD7CEB266937B90004BD49 /* Products */,
			);
			sourceTree = "<group>";
		};
		E9CD7CEB266937B90004BD49 /* Products */ = {
			isa = PBXGroup;
			children = (
				E9CD7CEA266937B90004BD49 /* Task1.app */,
				E9CD7CFB266937BC0004BD49 /* Task1Tests.xctest */,
				E9CD7D06266937BD0004BD49 /* Task1UITests.xctest */,
			);
			name = Products;
			sourceTree = "<group>";
		};
		E9CD7CEC266937B90004BD49 /* Task1 */ = {
			isa = PBXGroup;
			children = (
				E9CD7D1A2669502B0004BD49 /* View */,
				E9CD7CED266937B90004BD49 /* Task1App.swift */,
				E9CD7CF1266937BC0004BD49 /* Assets.xcassets */,
				E9CD7CF6266937BC0004BD49 /* Info.plist */,
				E9CD7CF3266937BC0004BD49 /* Preview Content */,
			);
			path = Task1;
			sourceTree = "<group>";
		};
		E9CD7CF3266937BC0004BD49 /* Preview Content */ = {
			isa = PBXGroup;
			children = (
				E9CD7CF4266937BC0004BD49 /* Preview Assets.xcassets */,
			);
			path = "Preview Content";
			sourceTree = "<group>";
		};
		E9CD7CFE266937BC0004BD49 /* Task1Tests */ = {
			isa = PBXGroup;
			children = (
				E9CD7CFF266937BD0004BD49 /* Task1Tests.swift */,
				E9CD7D01266937BD0004BD49 /* Info.plist */,
			);
			path = Task1Tests;
			sourceTree = "<group>";
		};
		E9CD7D09266937BD0004BD49 /* Task1UITests */ = {
			isa = PBXGroup;
			children = (
				E9CD7D0A266937BD0004BD49 /* Task1UITests.swift */,
				E9CD7D0C266937BD0004BD49 /* Info.plist */,
			);
			path = Task1UITests;
			sourceTree = "<group>";
		};
		E9CD7D1A2669502B0004BD49 /* View */ = {
			isa = PBXGroup;
			children = (
				E9CD7D18266950200004BD49 /* HomeView.swift */,
				E9CD7CEF266937B90004BD49 /* ContentView.swift */,
			);
			path = View;
			sourceTree = "<group>";
		};
/* End PBXGroup section */

/* Begin PBXNativeTarget section */
		E9CD7CE9266937B90004BD49 /* Task1 */ = {
			isa = PBXNativeTarget;
			buildConfigurationList = E9CD7D0F266937BD0004BD49 /* Build configuration list for PBXNativeTarget "Task1" */;
			buildPhases = (
				E9CD7CE6266937B90004BD49 /* Sources */,
				E9CD7CE7266937B90004BD49 /* Frameworks */,
				E9CD7CE8266937B90004BD49 /* Resources */,
			);
			buildRules = (
			);
			dependencies = (
			);
			name = Task1;
			productName = Task1;
			productReference = E9CD7CEA266937B90004BD49 /* Task1.app */;
			productType = "com.apple.product-type.application";
		};
		E9CD7CFA266937BC0004BD49 /* Task1Tests */ = {
			isa = PBXNativeTarget;
			buildConfigurationList = E9CD7D12266937BD0004BD49 /* Build configuration list for PBXNativeTarget "Task1Tests" */;
			buildPhases = (
				E9CD7CF7266937BC0004BD49 /* Sources */,
				E9CD7CF8266937BC0004BD49 /* Frameworks */,
				E9CD7CF9266937BC0004BD49 /* Resources */,
			);
			buildRules = (
			);
			dependencies = (
				E9CD7CFD266937BC0004BD49 /* PBXTargetDependency */,
			);
			name = Task1Tests;
			productName = Task1Tests;
			productReference = E9CD7CFB266937BC0004BD49 /* Task1Tests.xctest */;
			productType = "com.apple.product-type.bundle.unit-test";
		};
		E9CD7D05266937BD0004BD49 /* Task1UITests */ = {
			isa = PBXNativeTarget;
			buildConfigurationList = E9CD7D15266937BD0004BD49 /* Build configuration list for PBXNativeTarget "Task1UITests" */;
			buildPhases = (
				E9CD7D02266937BD0004BD49 /* Sources */,
				E9CD7D03266937BD0004BD49 /* Frameworks */,
				E9CD7D04266937BD0004BD49 /* Resources */,
			);
			buildRules = (
			);
			dependencies = (
				E9CD7D08266937BD0004BD49 /* PBXTargetDependency */,
			);
			name = Task1UITests;
			productName = Task1UITests;
			productReference = E9CD7D06266937BD0004BD49 /* Task1UITests.xctest */;
			productType = "com.apple.product-type.bundle.ui-testing";
		};
/* End PBXNativeTarget section */

/* Begin PBXProject section */
		E9CD7CE2266937B90004BD49 /* Project object */ = {
			isa = PBXProject;
			attributes = {
				LastSwiftUpdateCheck = 1250;
				LastUpgradeCheck = 1250;
				TargetAttributes = {
					E9CD7CE9266937B90004BD49 = {
						CreatedOnToolsVersion = 12.5;
					};
					E9CD7CFA266937BC0004BD49 = {
						CreatedOnToolsVersion = 12.5;
						TestTargetID = E9CD7CE9266937B90004BD49;
					};
					E9CD7D05266937BD0004BD49 = {
						CreatedOnToolsVersion = 12.5;
						TestTargetID = E9CD7CE9266937B90004BD49;
					};
				};
			};
			buildConfigurationList = E9CD7CE5266937B90004BD49 /* Build configuration list for PBXProject "Task1" */;
			compatibilityVersion = "Xcode 9.3";
			developmentRegion = en;
			hasScannedForEncodings = 0;
			knownRegions = (
				en,
				Base,
			);
			mainGroup = E9CD7CE1266937B90004BD49;
			productRefGroup = E9CD7CEB266937B90004BD49 /* Products */;
			projectDirPath = "";
			projectRoot = "";
			targets = (
				E9CD7CE9266937B90004BD49 /* Task1 */,
				E9CD7CFA266937BC0004BD49 /* Task1Tests */,
				E9CD7D05266937BD0004BD49 /* Task1UITests */,
			);
		};
/* End PBXProject section */

/* Begin PBXResourcesBuildPhase section */
		E9CD7CE8266937B90004BD49 /* Resources */ = {
			isa = PBXResourcesBuildPhase;
			buildActionMask = 2147483647;
			files = (
				E9CD7CF5266937BC0004BD49 /* Preview Assets.xcassets in Resources */,
				E9CD7CF2266937BC0004BD49 /* Assets.xcassets in Resources */,
			);
			runOnlyForDeploymentPostprocessing = 0;
		};
		E9CD7CF9266937BC0004BD49 /* Resources */ = {
			isa = PBXResourcesBuildPhase;
			buildActionMask = 2147483647;
			files = (
			);
			runOnlyForDeploymentPostprocessing = 0;
		};
		E9CD7D04266937BD0004BD49 /* Resources */ = {
			isa = PBXResourcesBuildPhase;
			buildActionMask = 2147483647;
			files = (
			);
			runOnlyForDeploymentPostprocessing = 0;
		};
/* End PBXResourcesBuildPhase section */

/* Begin PBXSourcesBuildPhase section */
		E9CD7CE6266937B90004BD49 /* Sources */ = {
			isa = PBXSourcesBuildPhase;
			buildActionMask = 2147483647;
			files = (
				E9CD7CF0266937B90004BD49 /* ContentView.swift in Sources */,
				E9CD7CEE266937B90004BD49 /* Task1App.swift in Sources */,
				E9CD7D19266950200004BD49 /* HomeView.swift in Sources */,
			);
			runOnlyForDeploymentPostprocessing = 0;
		};
		E9CD7CF7266937BC0004BD49 /* Sources */ = {
			isa = PBXSourcesBuildPhase;
			buildActionMask = 2147483647;
			files = (
				E9CD7D00266937BD0004BD49 /* Task1Tests.swift in Sources */,
			);
			runOnlyForDeploymentPostprocessing = 0;
		};
		E9CD7D02266937BD0004BD49 /* Sources */ = {
			isa = PBXSourcesBuildPhase;
			buildActionMask = 2147483647;
			files = (
				E9CD7D0B266937BD0004BD49 /* Task1UITests.swift in Sources */,
			);
			runOnlyForDeploymentPostprocessing = 0;
		};
/* End PBXSourcesBuildPhase section */

/* Begin PBXTargetDependency section */
		E9CD7CFD266937BC0004BD49 /* PBXTargetDependency */ = {
			isa = PBXTargetDependency;
			target = E9CD7CE9266937B90004BD49 /* Task1 */;
			targetProxy = E9CD7CFC266937BC0004BD49 /* PBXContainerItemProxy */;
		};
		E9CD7D08266937BD0004BD49 /* PBXTargetDependency */ = {
			isa = PBXTargetDependency;
			target = E9CD7CE9266937B90004BD49 /* Task1 */;
			targetProxy = E9CD7D07266937BD0004BD49 /* PBXContainerItemProxy */;
		};
/* End PBXTargetDependency section */

/* Begin XCBuildConfiguration section */
		E9CD7D0D266937BD0004BD49 /* Debug */ = {
			isa = XCBuildConfiguration;
			buildSettings = {
				ALWAYS_SEARCH_USER_PATHS = NO;
				CLANG_ANALYZER_NONNULL = YES;
				CLANG_ANALYZER_NUMBER_OBJECT_CONVERSION = YES_AGGRESSIVE;
				CLANG_CXX_LANGUAGE_STANDARD = "gnu++14";
				CLANG_CXX_LIBRARY = "libc++";
				CLANG_ENABLE_MODULES = YES;
				CLANG_ENABLE_OBJC_ARC = YES;
				CLANG_ENABLE_OBJC_WEAK = YES;
				CLANG_WARN_BLOCK_CAPTURE_AUTORELEASING = YES;
				CLANG_WARN_BOOL_CONVERSION = YES;
				CLANG_WARN_COMMA = YES;
				CLANG_WARN_CONSTANT_CONVERSION = YES;
				CLANG_WARN_DEPRECATED_OBJC_IMPLEMENTATIONS = YES;
				CLANG_WARN_DIRECT_OBJC_ISA_USAGE = YES_ERROR;
				CLANG_WARN_DOCUMENTATION_COMMENTS = YES;
				CLANG_WARN_EMPTY_BODY = YES;
				CLANG_WARN_ENUM_CONVERSION = YES;
				CLANG_WARN_INFINITE_RECURSION = YES;
				CLANG_WARN_INT_CONVERSION = YES;
				CLANG_WARN_NON_LITERAL_NULL_CONVERSION = YES;
				CLANG_WARN_OBJC_IMPLICIT_RETAIN_SELF = YES;
				CLANG_WARN_OBJC_LITERAL_CONVERSION = YES;
				CLANG_WARN_OBJC_ROOT_CLASS = YES_ERROR;
				CLANG_WARN_QUOTED_INCLUDE_IN_FRAMEWORK_HEADER = YES;
				CLANG_WARN_RANGE_LOOP_ANALYSIS = YES;
				CLANG_WARN_STRICT_PROTOTYPES = YES;
				CLANG_WARN_SUSPICIOUS_MOVE = YES;
				CLANG_WARN_UNGUARDED_AVAILABILITY = YES_AGGRESSIVE;
				CLANG_WARN_UNREACHABLE_CODE = YES;
				CLANG_WARN__DUPLICATE_METHOD_MATCH = YES;
				COPY_PHASE_STRIP = NO;
				DEBUG_INFORMATION_FORMAT = dwarf;
				ENABLE_STRICT_OBJC_MSGSEND = YES;
				ENABLE_TESTABILITY = YES;
				GCC_C_LANGUAGE_STANDARD = gnu11;
				GCC_DYNAMIC_NO_PIC = NO;
				GCC_NO_COMMON_BLOCKS = YES;
				GCC_OPTIMIZATION_LEVEL = 0;
				GCC_PREPROCESSOR_DEFINITIONS = (
					"DEBUG=1",
					"$(inherited)",
				);
				GCC_WARN_64_TO_32_BIT_CONVERSION = YES;
				GCC_WARN_ABOUT_RETURN_TYPE = YES_ERROR;
				GCC_WARN_UNDECLARED_SELECTOR = YES;
				GCC_WARN_UNINITIALIZED_AUTOS = YES_AGGRESSIVE;
				GCC_WARN_UNUSED_FUNCTION = YES;
				GCC_WARN_UNUSED_VARIABLE = YES;
				IPHONEOS_DEPLOYMENT_TARGET = 14.5;
				MTL_ENABLE_DEBUG_INFO = INCLUDE_SOURCE;
				MTL_FAST_MATH = YES;
				ONLY_ACTIVE_ARCH = YES;
				SDKROOT = iphoneos;
				SWIFT_ACTIVE_COMPILATION_CONDITIONS = DEBUG;
				SWIFT_OPTIMIZATION_LEVEL = "-Onone";
			};
			name = Debug;
		};
		E9CD7D0E266937BD0004BD49 /* Release */ = {
			isa = XCBuildConfiguration;
			buildSettings = {
				ALWAYS_SEARCH_USER_PATHS = NO;
				CLANG_ANALYZER_NONNULL = YES;
				CLANG_ANALYZER_NUMBER_OBJECT_CONVERSION = YES_AGGRESSIVE;
				CLANG_CXX_LANGUAGE_STANDARD = "gnu++14";
				CLANG_CXX_LIBRARY = "libc++";
				CLANG_ENABLE_MODULES = YES;
				CLANG_ENABLE_OBJC_ARC = YES;
				CLANG_ENABLE_OBJC_WEAK = YES;
				CLANG_WARN_BLOCK_CAPTURE_AUTORELEASING = YES;
				CLANG_WARN_BOOL_CONVERSION = YES;
				CLANG_WARN_COMMA = YES;
				CLANG_WARN_CONSTANT_CONVERSION = YES;
				CLANG_WARN_DEPRECATED_OBJC_IMPLEMENTATIONS = YES;
				CLANG_WARN_DIRECT_OBJC_ISA_USAGE = YES_ERROR;
				CLANG_WARN_DOCUMENTATION_COMMENTS = YES;
				CLANG_WARN_EMPTY_BODY = YES;
				CLANG_WARN_ENUM_CONVERSION = YES;
				CLANG_WARN_INFINITE_RECURSION = YES;
				CLANG_WARN_INT_CONVERSION = YES;
				CLANG_WARN_NON_LITERAL_NULL_CONVERSION = YES;
				CLANG_WARN_OBJC_IMPLICIT_RETAIN_SELF = YES;
				CLANG_WARN_OBJC_LITERAL_CONVERSION = YES;
				CLANG_WARN_OBJC_ROOT_CLASS = YES_ERROR;
				CLANG_WARN_QUOTED_INCLUDE_IN_FRAMEWORK_HEADER = YES;
				CLANG_WARN_RANGE_LOOP_ANALYSIS = YES;
				CLANG_WARN_STRICT_PROTOTYPES = YES;
				CLANG_WARN_SUSPICIOUS_MOVE = YES;
				CLANG_WARN_UNGUARDED_AVAILABILITY = YES_AGGRESSIVE;
				CLANG_WARN_UNREACHABLE_CODE = YES;
				CLANG_WARN__DUPLICATE_METHOD_MATCH = YES;
				COPY_PHASE_STRIP = NO;
				DEBUG_INFORMATION_FORMAT = "dwarf-with-dsym";
				ENABLE_NS_ASSERTIONS = NO;
				ENABLE_STRICT_OBJC_MSGSEND = YES;
				GCC_C_LANGUAGE_STANDARD = gnu11;
				GCC_NO_COMMON_BLOCKS = YES;
				GCC_WARN_64_TO_32_BIT_CONVERSION = YES;
				GCC_WARN_ABOUT_RETURN_TYPE = YES_ERROR;
				GCC_WARN_UNDECLARED_SELECTOR = YES;
				GCC_WARN_UNINITIALIZED_AUTOS = YES_AGGRESSIVE;
				GCC_WARN_UNUSED_FUNCTION = YES;
				GCC_WARN_UNUSED_VARIABLE = YES;
				IPHONEOS_DEPLOYMENT_TARGET = 14.5;
				MTL_ENABLE_DEBUG_INFO = NO;
				MTL_FAST_MATH = YES;
				SDKROOT = iphoneos;
				SWIFT_COMPILATION_MODE = wholemodule;
				SWIFT_OPTIMIZATION_LEVEL = "-O";
				VALIDATE_PRODUCT = YES;
			};
			name = Release;
		};
		E9CD7D10266937BD0004BD49 /* Debug */ = {
			isa = XCBuildConfiguration;
			buildSettings = {
				ASSETCATALOG_COMPILER_APPICON_NAME = AppIcon;
				ASSETCATALOG_COMPILER_GLOBAL_ACCENT_COLOR_NAME = AccentColor;
				CODE_SIGN_STYLE = Automatic;
				DEVELOPMENT_ASSET_PATHS = "\"Task1/Preview Content\"";
				DEVELOPMENT_TEAM = T89TZFBF4U;
				ENABLE_PREVIEWS = YES;
				INFOPLIST_FILE = Task1/Info.plist;
				IPHONEOS_DEPLOYMENT_TARGET = 14.0;
				LD_RUNPATH_SEARCH_PATHS = (
					"$(inherited)",
					"@executable_path/Frameworks",
				);
				PRODUCT_BUNDLE_IDENTIFIER = com.sample.Myapp.Task1;
				PRODUCT_NAME = "$(TARGET_NAME)";
				SWIFT_VERSION = 5.0;
				TARGETED_DEVICE_FAMILY = "1,2";
			};
			name = Debug;
		};
		E9CD7D11266937BD0004BD49 /* Release */ = {
			isa = XCBuildConfiguration;
			buildSettings = {
				ASSETCATALOG_COMPILER_APPICON_NAME = AppIcon;
				ASSETCATALOG_COMPILER_GLOBAL_ACCENT_COLOR_NAME = AccentColor;
				CODE_SIGN_STYLE = Automatic;
				DEVELOPMENT_ASSET_PATHS = "\"Task1/Preview Content\"";
				DEVELOPMENT_TEAM = T89TZFBF4U;
				ENABLE_PREVIEWS = YES;
				INFOPLIST_FILE = Task1/Info.plist;
				IPHONEOS_DEPLOYMENT_TARGET = 14.0;
				LD_RUNPATH_SEARCH_PATHS = (
					"$(inherited)",
					"@executable_path/Frameworks",
				);
				PRODUCT_BUNDLE_IDENTIFIER = com.sample.Myapp.Task1;
				PRODUCT_NAME = "$(TARGET_NAME)";
				SWIFT_VERSION = 5.0;
				TARGETED_DEVICE_FAMILY = "1,2";
			};
			name = Release;
		};
		E9CD7D13266937BD0004BD49 /* Debug */ = {
			isa = XCBuildConfiguration;
			buildSettings = {
				ALWAYS_EMBED_SWIFT_STANDARD_LIBRARIES = YES;
				BUNDLE_LOADER = "$(TEST_HOST)";
				CODE_SIGN_STYLE = Automatic;
				DEVELOPMENT_TEAM = T89TZFBF4U;
				INFOPLIST_FILE = Task1Tests/Info.plist;
				IPHONEOS_DEPLOYMENT_TARGET = 14.0;
				LD_RUNPATH_SEARCH_PATHS = (
					"$(inherited)",
					"@executable_path/Frameworks",
					"@loader_path/Frameworks",
				);
				PRODUCT_BUNDLE_IDENTIFIER = com.sample.Myapp.Task1Tests;
				PRODUCT_NAME = "$(TARGET_NAME)";
				SWIFT_VERSION = 5.0;
				TARGETED_DEVICE_FAMILY = "1,2";
				TEST_HOST = "$(BUILT_PRODUCTS_DIR)/Task1.app/Task1";
			};
			name = Debug;
		};
		E9CD7D14266937BD0004BD49 /* Release */ = {
			isa = XCBuildConfiguration;
			buildSettings = {
				ALWAYS_EMBED_SWIFT_STANDARD_LIBRARIES = YES;
				BUNDLE_LOADER = "$(TEST_HOST)";
				CODE_SIGN_STYLE = Automatic;
				DEVELOPMENT_TEAM = T89TZFBF4U;
				INFOPLIST_FILE = Task1Tests/Info.plist;
				IPHONEOS_DEPLOYMENT_TARGET = 14.0;
				LD_RUNPATH_SEARCH_PATHS = (
					"$(inherited)",
					"@executable_path/Frameworks",
					"@loader_path/Frameworks",
				);
				PRODUCT_BUNDLE_IDENTIFIER = com.sample.Myapp.Task1Tests;
				PRODUCT_NAME = "$(TARGET_NAME)";
				SWIFT_VERSION = 5.0;
				TARGETED_DEVICE_FAMILY = "1,2";
				TEST_HOST = "$(BUILT_PRODUCTS_DIR)/Task1.app/Task1";
			};
			name = Release;
		};
		E9CD7D16266937BD0004BD49 /* Debug */ = {
			isa = XCBuildConfiguration;
			buildSettings = {
				ALWAYS_EMBED_SWIFT_STANDARD_LIBRARIES = YES;
				CODE_SIGN_STYLE = Automatic;
				DEVELOPMENT_TEAM = T89TZFBF4U;
				INFOPLIST_FILE = Task1UITests/Info.plist;
				LD_RUNPATH_SEARCH_PATHS = (
					"$(inherited)",
					"@executable_path/Frameworks",
					"@loader_path/Frameworks",
				);
				PRODUCT_BUNDLE_IDENTIFIER = com.sample.Myapp.Task1UITests;
				PRODUCT_NAME = "$(TARGET_NAME)";
				SWIFT_VERSION = 5.0;
				TARGETED_DEVICE_FAMILY = "1,2";
				TEST_TARGET_NAME = Task1;
			};
			name = Debug;
		};
		E9CD7D17266937BD0004BD49 /* Release */ = {
			isa = XCBuildConfiguration;
			buildSettings = {
				ALWAYS_EMBED_SWIFT_STANDARD_LIBRARIES = YES;
				CODE_SIGN_STYLE = Automatic;
				DEVELOPMENT_TEAM = T89TZFBF4U;
				INFOPLIST_FILE = Task1UITests/Info.plist;
				LD_RUNPATH_SEARCH_PATHS = (
					"$(inherited)",
					"@executable_path/Frameworks",
					"@loader_path/Frameworks",
				);
				PRODUCT_BUNDLE_IDENTIFIER = com.sample.Myapp.Task1UITests;
				PRODUCT_NAME = "$(TARGET_NAME)";
				SWIFT_VERSION = 5.0;
				TARGETED_DEVICE_FAMILY = "1,2";
				TEST_TARGET_NAME = Task1;
			};
			name = Release;
		};
/* End XCBuildConfiguration section */

/* Begin XCConfigurationList section */
		E9CD7CE5266937B90004BD49 /* Build configuration list for PBXProject "Task1" */ = {
			isa = XCConfigurationList;
			buildConfigurations = (
				E9CD7D0D266937BD0004BD49 /* Debug */,
				E9CD7D0E266937BD0004BD49 /* Release */,
			);
			defaultConfigurationIsVisible = 0;
			defaultConfigurationName = Release;
		};
		E9CD7D0F266937BD0004BD49 /* Build configuration list for PBXNativeTarget "Task1" */ = {
			isa = XCConfigurationList;
			buildConfigurations = (
				E9CD7D10266937BD0004BD49 /* Debug */,
				E9CD7D11266937BD0004BD49 /* Release */,
			);
			defaultConfigurationIsVisible = 0;
			defaultConfigurationName = Release;
		};
		E9CD7D12266937BD0004BD49 /* Build configuration list for PBXNativeTarget "Task1Tests" */ = {
			isa = XCConfigurationList;
			buildConfigurations = (
				E9CD7D13266937BD0004BD49 /* Debug */,
				E9CD7D14266937BD0004BD49 /* Release */,
			);
			defaultConfigurationIsVisible = 0;
			defaultConfigurationName = Release;
		};
		E9CD7D15266937BD0004BD49 /* Build configuration list for PBXNativeTarget "Task1UITests" */ = {
			isa = XCConfigurationList;
			buildConfigurations = (
				E9CD7D16266937BD0004BD49 /* Debug */,
				E9CD7D17266937BD0004BD49 /* Release */,
			);
			defaultConfigurationIsVisible = 0;
			defaultConfigurationName = Release;
		};
/* End XCConfigurationList section */
	};
	rootObject = E9CD7CE2266937B90004BD49 /* Project object */;
}
